
Microsoft Visual Studio Solution File, Format Version 12.00
# Visual Studio Version 17
VisualStudioVersion = 17.9.34714.143
MinimumVisualStudioVersion = 10.0.40219.1
Project("{9A19103F-16F7-4668-BE54-9A1E7A4F7556}") = "HorseRace", "HorseRace\HorseRace.csproj", "{D025388C-24F1-432B-ACF3-4A5C59A9E982}"
EndProject
Project("{FAE04EC0-301F-11D3-BF4B-00C04F79EFBC}") = "VoronoiDiagram", "VoronoiDiagram\VoronoiDiagram.csproj", "{01F7EC74-F6CE-4E86-925F-0A35FB1DAE31}"
EndProject
Global
	GlobalSection(SolutionConfigurationPlatforms) = preSolution
		Debug|Any CPU = Debug|Any CPU
		Release|Any CPU = Release|Any CPU
	EndGlobalSection
	GlobalSection(ProjectConfigurationPlatforms) = postSolution
		{D025388C-24F1-432B-ACF3-4A5C59A9E982}.Debug|Any CPU.ActiveCfg = Debug|Any CPU
		{D025388C-24F1-432B-ACF3-4A5C59A9E982}.Debug|Any CPU.Build.0 = Debug|Any CPU
		{D025388C-24F1-432B-ACF3-4A5C59A9E982}.Release|Any CPU.ActiveCfg = Release|Any CPU
		{D025388C-24F1-432B-ACF3-4A5C59A9E982}.Release|Any CPU.Build.0 = Release|Any CPU
		{01F7EC74-F6CE-4E86-925F-0A35FB1DAE31}.Debug|Any CPU.ActiveCfg = Debug|Any CPU
		{01F7EC74-F6CE-4E86-925F-0A35FB1DAE31}.Debug|Any CPU.Build.0 = Debug|Any CPU
		{01F7EC74-F6CE-4E86-925F-0A35FB1DAE31}.Release|Any CPU.ActiveCfg = Release|Any CPU
		{01F7EC74-F6CE-4E86-925F-0A35FB1DAE31}.Release|Any CPU.Build.0 = Release|Any CPU
	EndGlobalSection
	GlobalSection(SolutionProperties) = preSolution
		HideSolutionNode = FALSE
	EndGlobalSection
	GlobalSection(ExtensibilityGlobals) = postSolution
		SolutionGuid = {53E134A6-C68D-4C45-A951-AEE952884B88}
	EndGlobalSection
EndGlobal
